
Microsoft Visual Studio Solution File, Format Version 12.00
# Visual Studio Version 17
VisualStudioVersion = 17.0.32126.317
MinimumVisualStudioVersion = 10.0.40219.1
Project("{9A19103F-16F7-4668-BE54-9A1E7A4F7556}") = "NotasDeVendas_ExplosaoDeSabor", "NotasDeVendas_ExplosaoDeSabor\NotasDeVendas_ExplosaoDeSabor.csproj", "{17073C80-9734-4EDF-8EB8-278B8BA31C1E}"
EndProject
Global
	GlobalSection(SolutionConfigurationPlatforms) = preSolution
		Debug|Any CPU = Debug|Any CPU
		Release|Any CPU = Release|Any CPU
		Teste|Any CPU = Teste|Any CPU
	EndGlobalSection
	GlobalSection(ProjectConfigurationPlatforms) = postSolution
		{17073C80-9734-4EDF-8EB8-278B8BA31C1E}.Debug|Any CPU.ActiveCfg = Release|Any CPU
		{17073C80-9734-4EDF-8EB8-278B8BA31C1E}.Debug|Any CPU.Build.0 = Release|Any CPU
		{17073C80-9734-4EDF-8EB8-278B8BA31C1E}.Release|Any CPU.ActiveCfg = Release|Any CPU
		{17073C80-9734-4EDF-8EB8-278B8BA31C1E}.Release|Any CPU.Build.0 = Release|Any CPU
		{17073C80-9734-4EDF-8EB8-278B8BA31C1E}.Teste|Any CPU.ActiveCfg = Release|Any CPU
	EndGlobalSection
	GlobalSection(SolutionProperties) = preSolution
		HideSolutionNode = FALSE
	EndGlobalSection
	GlobalSection(ExtensibilityGlobals) = postSolution
		SolutionGuid = {63803BD5-2E32-4571-849F-FB8AEF488A09}
	EndGlobalSection
EndGlobal
